Microsoft Visual Studio Solution File, Format Version 12.00
# Visual Studio Version 17
VisualStudioVersion = 17.5.2.0
MinimumVisualStudioVersion = 10.0.40219.1
Project("{2150E333-8FDC-42A3-9474-1A3956D46DE8}") = "game", "game", "{AE49D761-A782-2099-29A5-159B937B43CB}"
EndProject
Project("{2150E333-8FDC-42A3-9474-1A3956D46DE8}") = "pet_maker", "pet_maker", "{9E2EC5BF-6CAA-C228-A5B2-EACD72A16C78}"
EndProject
Project("{FAE04EC0-301F-11D3-BF4B-00C04F79EFBC}") = "Sprinkletraz", "game\Sprinkletraz.csproj", "{DD14AC28-FFCC-3C97-A212-AE3C074CA71B}"
EndProject
Project("{2150E333-8FDC-42A3-9474-1A3956D46DE8}") = "old", "old", "{6F2222DB-A4FE-697B-2FAE-6712EB9BDC0B}"
EndProject
Project("{FAE04EC0-301F-11D3-BF4B-00C04F79EFBC}") = "pet_maker", "pet_maker\old\pet_maker.csproj", "{F6D0CDAF-BDE7-F482-72DE-51C76696E7E4}"
EndProject
Project("{FAE04EC0-301F-11D3-BF4B-00C04F79EFBC}") = "new", "pet_maker\new\new.csproj", "{1645AD98-1EF1-F366-BEDB-C0FA19BF8A0C}"
EndProject
Global
	GlobalSection(SolutionConfigurationPlatforms) = preSolution
		Debug|Any CPU = Debug|Any CPU
		Release|Any CPU = Release|Any CPU
	EndGlobalSection
	GlobalSection(ProjectConfigurationPlatforms) = postSolution
		{DD14AC28-FFCC-3C97-A212-AE3C074CA71B}.Debug|Any CPU.ActiveCfg = Debug|Any CPU
		{DD14AC28-FFCC-3C97-A212-AE3C074CA71B}.Debug|Any CPU.Build.0 = Debug|Any CPU
		{DD14AC28-FFCC-3C97-A212-AE3C074CA71B}.Release|Any CPU.ActiveCfg = Release|Any CPU
		{DD14AC28-FFCC-3C97-A212-AE3C074CA71B}.Release|Any CPU.Build.0 = Release|Any CPU
		{F6D0CDAF-BDE7-F482-72DE-51C76696E7E4}.Debug|Any CPU.ActiveCfg = Debug|Any CPU
		{F6D0CDAF-BDE7-F482-72DE-51C76696E7E4}.Debug|Any CPU.Build.0 = Debug|Any CPU
		{F6D0CDAF-BDE7-F482-72DE-51C76696E7E4}.Release|Any CPU.ActiveCfg = Release|Any CPU
		{F6D0CDAF-BDE7-F482-72DE-51C76696E7E4}.Release|Any CPU.Build.0 = Release|Any CPU
		{1645AD98-1EF1-F366-BEDB-C0FA19BF8A0C}.Debug|Any CPU.ActiveCfg = Debug|Any CPU
		{1645AD98-1EF1-F366-BEDB-C0FA19BF8A0C}.Debug|Any CPU.Build.0 = Debug|Any CPU
		{1645AD98-1EF1-F366-BEDB-C0FA19BF8A0C}.Release|Any CPU.ActiveCfg = Release|Any CPU
		{1645AD98-1EF1-F366-BEDB-C0FA19BF8A0C}.Release|Any CPU.Build.0 = Release|Any CPU
	EndGlobalSection
	GlobalSection(SolutionProperties) = preSolution
		HideSolutionNode = FALSE
	EndGlobalSection
	GlobalSection(NestedProjects) = preSolution
		{DD14AC28-FFCC-3C97-A212-AE3C074CA71B} = {AE49D761-A782-2099-29A5-159B937B43CB}
		{6F2222DB-A4FE-697B-2FAE-6712EB9BDC0B} = {9E2EC5BF-6CAA-C228-A5B2-EACD72A16C78}
		{F6D0CDAF-BDE7-F482-72DE-51C76696E7E4} = {6F2222DB-A4FE-697B-2FAE-6712EB9BDC0B}
		{1645AD98-1EF1-F366-BEDB-C0FA19BF8A0C} = {9E2EC5BF-6CAA-C228-A5B2-EACD72A16C78}
	EndGlobalSection
	GlobalSection(ExtensibilityGlobals) = postSolution
		SolutionGuid = {15445A36-64C8-4C41-A5BD-AE4984BD5BF0}
	EndGlobalSection
EndGlobal
